// !$*UTF8*$!
{
	archiveVersion = 1;
	classes = {
	};
	objectVersion = 50;
	objects = {

/* Begin PBXBuildFile section */
		7B3315FC22E7AD9B00BDEB01 /* AppDelegate.swift in Sources */ = {isa = PBXBuildFile; fileRef = 7B3315FB22E7AD9B00BDEB01 /* AppDelegate.swift */; };
		7B3315FE22E7AD9B00BDEB01 /* SceneDelegate.swift in Sources */ = {isa = PBXBuildFile; fileRef = 7B3315FD22E7AD9B00BDEB01 /* SceneDelegate.swift */; };
		7B33160022E7AD9B00BDEB01 /* ViewController.swift in Sources */ = {isa = PBXBuildFile; fileRef = 7B3315FF22E7AD9B00BDEB01 /* ViewController.swift */; };
		7B33160322E7AD9B00BDEB01 /* Main.storyboard in Resources */ = {isa = PBXBuildFile; fileRef = 7B33160122E7AD9B00BDEB01 /* Main.storyboard */; };
		7B33160522E7AD9E00BDEB01 /* Assets.xcassets in Resources */ = {isa = PBXBuildFile; fileRef = 7B33160422E7AD9E00BDEB01 /* Assets.xcassets */; };
		7B33160822E7AD9E00BDEB01 /* LaunchScreen.storyboard in Resources */ = {isa = PBXBuildFile; fileRef = 7B33160622E7AD9E00BDEB01 /* LaunchScreen.storyboard */; };
		7B33161022E7AF6600BDEB01 /* FrameExtractor.swift in Sources */ = {isa = PBXBuildFile; fileRef = 7B33160F22E7AF6600BDEB01 /* FrameExtractor.swift */; };
		7B4EB6D422F0FBD700644867 /* opencv2.framework in Frameworks */ = {isa = PBXBuildFile; fileRef = 7B4EB6D322F0FBD700644867 /* opencv2.framework */; };
		7B4EB6D822F0FC0800644867 /* OpenCVWrapper.mm in Sources */ = {isa = PBXBuildFile; fileRef = 7B4EB6D722F0FC0800644867 /* OpenCVWrapper.mm */; };
		7B5CD23822F23F0C00854294 /* haarcascade_frontalface_alt.xml in Resources */ = {isa = PBXBuildFile; fileRef = 7B5CD23722F23F0C00854294 /* haarcascade_frontalface_alt.xml */; };
		7B5CD23A22F23F2600854294 /* haarcascade_eye_tree_eyeglasses.xml in Resources */ = {isa = PBXBuildFile; fileRef = 7B5CD23922F23F2600854294 /* haarcascade_eye_tree_eyeglasses.xml */; };
/* End PBXBuildFile section */

/* Begin PBXFileReference section */
		7B3315F822E7AD9B00BDEB01 /* FrameExtraction.app */ = {isa = PBXFileReference; explicitFileType = wrapper.application; includeInIndex = 0; path = FrameExtraction.app; sourceTree = BUILT_PRODUCTS_DIR; };
		7B3315FB22E7AD9B00BDEB01 /* AppDelegate.swift */ = {isa = PBXFileReference; lastKnownFileType = sourcecode.swift; path = AppDelegate.swift; sourceTree = "<group>"; };
		7B3315FD22E7AD9B00BDEB01 /* SceneDelegate.swift */ = {isa = PBXFileReference; lastKnownFileType = sourcecode.swift; path = SceneDelegate.swift; sourceTree = "<group>"; };
		7B3315FF22E7AD9B00BDEB01 /* ViewController.swift */ = {isa = PBXFileReference; lastKnownFileType = sourcecode.swift; path = ViewController.swift; sourceTree = "<group>"; };
		7B33160222E7AD9B00BDEB01 /* Base */ = {isa = PBXFileReference; lastKnownFileType = file.storyboard; name = Base; path = Base.lproj/Main.storyboard; sourceTree = "<group>"; };
		7B33160422E7AD9E00BDEB01 /* Assets.xcassets */ = {isa = PBXFileReference; lastKnownFileType = folder.assetcatalog; path = Assets.xcassets; sourceTree = "<group>"; };
		7B33160722E7AD9E00BDEB01 /* Base */ = {isa = PBXFileReference; lastKnownFileType = file.storyboard; name = Base; path = Base.lproj/LaunchScreen.storyboard; sourceTree = "<group>"; };
		7B33160922E7AD9E00BDEB01 /* Info.plist */ = {isa = PBXFileReference; lastKnownFileType = text.plist.xml; path = Info.plist; sourceTree = "<group>"; };
		7B33160F22E7AF6600BDEB01 /* FrameExtractor.swift */ = {isa = PBXFileReference; lastKnownFileType = sourcecode.swift; path = FrameExtractor.swift; sourceTree = "<group>"; };
		7B4EB6D322F0FBD700644867 /* opencv2.framework */ = {isa = PBXFileReference; lastKnownFileType = wrapper.framework; path = opencv2.framework; sourceTree = "<group>"; };
		7B4EB6D522F0FC0800644867 /* FrameExtraction-Bridging-Header.h */ = {isa = PBXFileReference; lastKnownFileType = sourcecode.c.h; path = "FrameExtraction-Bridging-Header.h"; sourceTree = "<group>"; };
		7B4EB6D622F0FC0800644867 /* OpenCVWrapper.h */ = {isa = PBXFileReference; lastKnownFileType = sourcecode.c.h; path = OpenCVWrapper.h; sourceTree = "<group>"; };
		7B4EB6D722F0FC0800644867 /* OpenCVWrapper.mm */ = {isa = PBXFileReference; lastKnownFileType = sourcecode.cpp.objcpp; path = OpenCVWrapper.mm; sourceTree = "<group>"; };
		7B5CD23722F23F0C00854294 /* haarcascade_frontalface_alt.xml */ = {isa = PBXFileReference; fileEncoding = 4; lastKnownFileType = text.xml; path = haarcascade_frontalface_alt.xml; sourceTree = "<group>"; };
		7B5CD23922F23F2600854294 /* haarcascade_eye_tree_eyeglasses.xml */ = {isa = PBXFileReference; fileEncoding = 4; lastKnownFileType = text.xml; path = haarcascade_eye_tree_eyeglasses.xml; sourceTree = "<group>"; };
/* End PBXFileReference section */

/* Begin PBXFrameworksBuildPhase section */
		7B3315F522E7AD9B00BDEB01 /* Frameworks */ = {
			isa = PBXFrameworksBuildPhase;
			buildActionMask = 2147483647;
			files = (
				7B4EB6D422F0FBD700644867 /* opencv2.framework in Frameworks */,
			);
			runOnlyForDeploymentPostprocessing = 0;
		};
/* End PBXFrameworksBuildPhase section */

/* Begin PBXGroup section */
		7B3315EF22E7AD9B00BDEB01 = {
			isa = PBXGroup;
			children = (
				7B5CD23922F23F2600854294 /* haarcascade_eye_tree_eyeglasses.xml */,
				7B5CD23722F23F0C00854294 /* haarcascade_frontalface_alt.xml */,
				7B3315FA22E7AD9B00BDEB01 /* FrameExtraction */,
				7B3315F922E7AD9B00BDEB01 /* Products */,
			);
			sourceTree = "<group>";
		};
		7B3315F922E7AD9B00BDEB01 /* Products */ = {
			isa = PBXGroup;
			children = (
				7B3315F822E7AD9B00BDEB01 /* FrameExtraction.app */,
			);
			name = Products;
			sourceTree = "<group>";
		};
		7B3315FA22E7AD9B00BDEB01 /* FrameExtraction */ = {
			isa = PBXGroup;
			children = (
				7B4EB6D322F0FBD700644867 /* opencv2.framework */,
				7B3315FB22E7AD9B00BDEB01 /* AppDelegate.swift */,
				7B3315FD22E7AD9B00BDEB01 /* SceneDelegate.swift */,
				7B3315FF22E7AD9B00BDEB01 /* ViewController.swift */,
				7B4EB6D622F0FC0800644867 /* OpenCVWrapper.h */,
				7B4EB6D722F0FC0800644867 /* OpenCVWrapper.mm */,
				7B33160122E7AD9B00BDEB01 /* Main.storyboard */,
				7B33160422E7AD9E00BDEB01 /* Assets.xcassets */,
				7B33160622E7AD9E00BDEB01 /* LaunchScreen.storyboard */,
				7B4EB6D522F0FC0800644867 /* FrameExtraction-Bridging-Header.h */,
				7B33160922E7AD9E00BDEB01 /* Info.plist */,
				7B33160F22E7AF6600BDEB01 /* FrameExtractor.swift */,
			);
			path = FrameExtraction;
			sourceTree = "<group>";
		};
/* End PBXGroup section */

/* Begin PBXNativeTarget section */
		7B3315F722E7AD9B00BDEB01 /* FrameExtraction */ = {
			isa = PBXNativeTarget;
			buildConfigurationList = 7B33160C22E7AD9E00BDEB01 /* Build configuration list for PBXNativeTarget "FrameExtraction" */;
			buildPhases = (
				7B3315F422E7AD9B00BDEB01 /* Sources */,
				7B3315F522E7AD9B00BDEB01 /* Frameworks */,
				7B3315F622E7AD9B00BDEB01 /* Resources */,
			);
			buildRules = (
			);
			dependencies = (
			);
			name = FrameExtraction;
			productName = FrameExtraction;
			productReference = 7B3315F822E7AD9B00BDEB01 /* FrameExtraction.app */;
			productType = "com.apple.product-type.application";
		};
/* End PBXNativeTarget section */

/* Begin PBXProject section */
		7B3315F022E7AD9B00BDEB01 /* Project object */ = {
			isa = PBXProject;
			attributes = {
				LastSwiftUpdateCheck = 1100;
				LastUpgradeCheck = 1100;
				ORGANIZATIONNAME = "Spencer Hamilton";
				TargetAttributes = {
					7B3315F722E7AD9B00BDEB01 = {
						CreatedOnToolsVersion = 11.0;
						LastSwiftMigration = 1100;
					};
				};
			};
			buildConfigurationList = 7B3315F322E7AD9B00BDEB01 /* Build configuration list for PBXProject "FrameExtraction" */;
			compatibilityVersion = "Xcode 9.3";
			developmentRegion = en;
			hasScannedForEncodings = 0;
			knownRegions = (
				en,
				Base,
			);
			mainGroup = 7B3315EF22E7AD9B00BDEB01;
			productRefGroup = 7B3315F922E7AD9B00BDEB01 /* Products */;
			projectDirPath = "";
			projectRoot = "";
			targets = (
				7B3315F722E7AD9B00BDEB01 /* FrameExtraction */,
			);
		};
/* End PBXProject section */

/* Begin PBXResourcesBuildPhase section */
		7B3315F622E7AD9B00BDEB01 /* Resources */ = {
			isa = PBXResourcesBuildPhase;
			buildActionMask = 2147483647;
			files = (
				7B5CD23A22F23F2600854294 /* haarcascade_eye_tree_eyeglasses.xml in Resources */,
				7B33160822E7AD9E00BDEB01 /* LaunchScreen.storyboard in Resources */,
				7B33160522E7AD9E00BDEB01 /* Assets.xcassets in Resources */,
				7B5CD23822F23F0C00854294 /* haarcascade_frontalface_alt.xml in Resources */,
				7B33160322E7AD9B00BDEB01 /* Main.storyboard in Resources */,
			);
			runOnlyForDeploymentPostprocessing = 0;
		};
/* End PBXResourcesBuildPhase section */

/* Begin PBXSourcesBuildPhase section */
		7B3315F422E7AD9B00BDEB01 /* Sources */ = {
			isa = PBXSourcesBuildPhase;
			buildActionMask = 2147483647;
			files = (
				7B33160022E7AD9B00BDEB01 /* ViewController.swift in Sources */,
				7B4EB6D822F0FC0800644867 /* OpenCVWrapper.mm in Sources */,
				7B3315FC22E7AD9B00BDEB01 /* AppDelegate.swift in Sources */,
				7B33161022E7AF6600BDEB01 /* FrameExtractor.swift in Sources */,
				7B3315FE22E7AD9B00BDEB01 /* SceneDelegate.swift in Sources */,
			);
			runOnlyForDeploymentPostprocessing = 0;
		};
/* End PBXSourcesBuildPhase section */

/* Begin PBXVariantGroup section */
		7B33160122E7AD9B00BDEB01 /* Main.storyboard */ = {
			isa = PBXVariantGroup;
			children = (
				7B33160222E7AD9B00BDEB01 /* Base */,
			);
			name = Main.storyboard;
			sourceTree = "<group>";
		};
		7B33160622E7AD9E00BDEB01 /* LaunchScreen.storyboard */ = {
			isa = PBXVariantGroup;
			children = (
				7B33160722E7AD9E00BDEB01 /* Base */,
			);
			name = LaunchScreen.storyboard;
			sourceTree = "<group>";
		};
/* End PBXVariantGroup section */

/* Begin XCBuildConfiguration section */
		7B33160A22E7AD9E00BDEB01 /* Debug */ = {
			isa = XCBuildConfiguration;
			buildSettings = {
				ALWAYS_SEARCH_USER_PATHS = NO;
				CLANG_ANALYZER_NONNULL = YES;
				CLANG_ANALYZER_NUMBER_OBJECT_CONVERSION = YES_AGGRESSIVE;
				CLANG_CXX_LANGUAGE_STANDARD = "gnu++14";
				CLANG_CXX_LIBRARY = "libc++";
				CLANG_ENABLE_MODULES = YES;
				CLANG_ENABLE_OBJC_ARC = YES;
				CLANG_ENABLE_OBJC_WEAK = YES;
				CLANG_WARN_BLOCK_CAPTURE_AUTORELEASING = YES;
				CLANG_WARN_BOOL_CONVERSION = YES;
				CLANG_WARN_COMMA = YES;
				CLANG_WARN_CONSTANT_CONVERSION = YES;
				CLANG_WARN_DEPRECATED_OBJC_IMPLEMENTATIONS = YES;
				CLANG_WARN_DIRECT_OBJC_ISA_USAGE = YES_ERROR;
				CLANG_WARN_DOCUMENTATION_COMMENTS = YES;
				CLANG_WARN_EMPTY_BODY = YES;
				CLANG_WARN_ENUM_CONVERSION = YES;
				CLANG_WARN_INFINITE_RECURSION = YES;
				CLANG_WARN_INT_CONVERSION = YES;
				CLANG_WARN_NON_LITERAL_NULL_CONVERSION = YES;
				CLANG_WARN_OBJC_IMPLICIT_RETAIN_SELF = YES;
				CLANG_WARN_OBJC_LITERAL_CONVERSION = YES;
				CLANG_WARN_OBJC_ROOT_CLASS = YES_ERROR;
				CLANG_WARN_RANGE_LOOP_ANALYSIS = YES;
				CLANG_WARN_STRICT_PROTOTYPES = YES;
				CLANG_WARN_SUSPICIOUS_MOVE = YES;
				CLANG_WARN_UNGUARDED_AVAILABILITY = YES_AGGRESSIVE;
				CLANG_WARN_UNREACHABLE_CODE = YES;
				CLANG_WARN__DUPLICATE_METHOD_MATCH = YES;
				COPY_PHASE_STRIP = NO;
				DEBUG_INFORMATION_FORMAT = dwarf;
				ENABLE_STRICT_OBJC_MSGSEND = YES;
				ENABLE_TESTABILITY = YES;
				GCC_C_LANGUAGE_STANDARD = gnu11;
				GCC_DYNAMIC_NO_PIC = NO;
				GCC_NO_COMMON_BLOCKS = YES;
				GCC_OPTIMIZATION_LEVEL = 0;
				GCC_PREPROCESSOR_DEFINITIONS = (
					"DEBUG=1",
					"$(inherited)",
				);
				GCC_WARN_64_TO_32_BIT_CONVERSION = YES;
				GCC_WARN_ABOUT_RETURN_TYPE = YES_ERROR;
				GCC_WARN_UNDECLARED_SELECTOR = YES;
				GCC_WARN_UNINITIALIZED_AUTOS = YES_AGGRESSIVE;
				GCC_WARN_UNUSED_FUNCTION = YES;
				GCC_WARN_UNUSED_VARIABLE = YES;
				IPHONEOS_DEPLOYMENT_TARGET = 13.0;
				MTL_ENABLE_DEBUG_INFO = INCLUDE_SOURCE;
				MTL_FAST_MATH = YES;
				ONLY_ACTIVE_ARCH = YES;
				SDKROOT = iphoneos;
				SWIFT_ACTIVE_COMPILATION_CONDITIONS = DEBUG;
				SWIFT_OPTIMIZATION_LEVEL = "-Onone";
			};
			name = Debug;
		};
		7B33160B22E7AD9E00BDEB01 /* Release */ = {
			isa = XCBuildConfiguration;
			buildSettings = {
				ALWAYS_SEARCH_USER_PATHS = NO;
				CLANG_ANALYZER_NONNULL = YES;
				CLANG_ANALYZER_NUMBER_OBJECT_CONVERSION = YES_AGGRESSIVE;
				CLANG_CXX_LANGUAGE_STANDARD = "gnu++14";
				CLANG_CXX_LIBRARY = "libc++";
				CLANG_ENABLE_MODULES = YES;
				CLANG_ENABLE_OBJC_ARC = YES;
				CLANG_ENABLE_OBJC_WEAK = YES;
				CLANG_WARN_BLOCK_CAPTURE_AUTORELEASING = YES;
				CLANG_WARN_BOOL_CONVERSION = YES;
				CLANG_WARN_COMMA = YES;
				CLANG_WARN_CONSTANT_CONVERSION = YES;
				CLANG_WARN_DEPRECATED_OBJC_IMPLEMENTATIONS = YES;
				CLANG_WARN_DIRECT_OBJC_ISA_USAGE = YES_ERROR;
				CLANG_WARN_DOCUMENTATION_COMMENTS = YES;
				CLANG_WARN_EMPTY_BODY = YES;
				CLANG_WARN_ENUM_CONVERSION = YES;
				CLANG_WARN_INFINITE_RECURSION = YES;
				CLANG_WARN_INT_CONVERSION = YES;
				CLANG_WARN_NON_LITERAL_NULL_CONVERSION = YES;
				CLANG_WARN_OBJC_IMPLICIT_RETAIN_SELF = YES;
				CLANG_WARN_OBJC_LITERAL_CONVERSION = YES;
				CLANG_WARN_OBJC_ROOT_CLASS = YES_ERROR;
				CLANG_WARN_RANGE_LOOP_ANALYSIS = YES;
				CLANG_WARN_STRICT_PROTOTYPES = YES;
				CLANG_WARN_SUSPICIOUS_MOVE = YES;
				CLANG_WARN_UNGUARDED_AVAILABILITY = YES_AGGRESSIVE;
				CLANG_WARN_UNREACHABLE_CODE = YES;
				CLANG_WARN__DUPLICATE_METHOD_MATCH = YES;
				COPY_PHASE_STRIP = NO;
				DEBUG_INFORMATION_FORMAT = "dwarf-with-dsym";
				ENABLE_NS_ASSERTIONS = NO;
				ENABLE_STRICT_OBJC_MSGSEND = YES;
				GCC_C_LANGUAGE_STANDARD = gnu11;
				GCC_NO_COMMON_BLOCKS = YES;
				GCC_WARN_64_TO_32_BIT_CONVERSION = YES;
				GCC_WARN_ABOUT_RETURN_TYPE = YES_ERROR;
				GCC_WARN_UNDECLARED_SELECTOR = YES;
				GCC_WARN_UNINITIALIZED_AUTOS = YES_AGGRESSIVE;
				GCC_WARN_UNUSED_FUNCTION = YES;
				GCC_WARN_UNUSED_VARIABLE = YES;
				IPHONEOS_DEPLOYMENT_TARGET = 13.0;
				MTL_ENABLE_DEBUG_INFO = NO;
				MTL_FAST_MATH = YES;
				SDKROOT = iphoneos;
				SWIFT_COMPILATION_MODE = wholemodule;
				SWIFT_OPTIMIZATION_LEVEL = "-O";
				VALIDATE_PRODUCT = YES;
			};
			name = Release;
		};
		7B33160D22E7AD9E00BDEB01 /* Debug */ = {
			isa = XCBuildConfiguration;
			buildSettings = {
				ASSETCATALOG_COMPILER_APPICON_NAME = AppIcon;
				CLANG_CXX_LANGUAGE_STANDARD = "c++14";
				CLANG_ENABLE_MODULES = YES;
				CODE_SIGN_STYLE = Automatic;
				DEVELOPMENT_TEAM = C2R44CXTM5;
				FRAMEWORK_SEARCH_PATHS = (
					"$(inherited)",
					"$(PROJECT_DIR)/FrameExtraction",
				);
				GCC_PREFIX_HEADER = PrefixHeader.pch;
				INFOPLIST_FILE = FrameExtraction/Info.plist;
				IPHONEOS_DEPLOYMENT_TARGET = 13.0;
				LD_RUNPATH_SEARCH_PATHS = (
					"$(inherited)",
					"@executable_path/Frameworks",
				);
				PRODUCT_BUNDLE_IDENTIFIER = "sigma-3.FrameExtraction";
				PRODUCT_NAME = "$(TARGET_NAME)";
				SWIFT_OBJC_BRIDGING_HEADER = "FrameExtraction-Bridging-Header.h";
				SWIFT_OPTIMIZATION_LEVEL = "-Onone";
				SWIFT_VERSION = 5.0;
				TARGETED_DEVICE_FAMILY = "1,2";
			};
			name = Debug;
		};
		7B33160E22E7AD9E00BDEB01 /* Release */ = {
			isa = XCBuildConfiguration;
			buildSettings = {
				ASSETCATALOG_COMPILER_APPICON_NAME = AppIcon;
				CLANG_CXX_LANGUAGE_STANDARD = "c++14";
				CLANG_ENABLE_MODULES = YES;
				CODE_SIGN_STYLE = Automatic;
				DEVELOPMENT_TEAM = C2R44CXTM5;
				FRAMEWORK_SEARCH_PATHS = (
					"$(inherited)",
					"$(PROJECT_DIR)/FrameExtraction",
				);
				GCC_PREFIX_HEADER = PrefixHeader.pch;
				INFOPLIST_FILE = FrameExtraction/Info.plist;
				IPHONEOS_DEPLOYMENT_TARGET = 13.0;
				LD_RUNPATH_SEARCH_PATHS = (
					"$(inherited)",
					"@executable_path/Frameworks",
				);
				PRODUCT_BUNDLE_IDENTIFIER = "sigma-3.FrameExtraction";
				PRODUCT_NAME = "$(TARGET_NAME)";
				SWIFT_OBJC_BRIDGING_HEADER = "FrameExtraction-Bridging-Header.h";
				SWIFT_VERSION = 5.0;
				TARGETED_DEVICE_FAMILY = "1,2";
			};
			name = Release;
		};
/* End XCBuildConfiguration section */

/* Begin XCConfigurationList section */
		7B3315F322E7AD9B00BDEB01 /* Build configuration list for PBXProject "FrameExtraction" */ = {
			isa = XCConfigurationList;
			buildConfigurations = (
				7B33160A22E7AD9E00BDEB01 /* Debug */,
				7B33160B22E7AD9E00BDEB01 /* Release */,
			);
			defaultConfigurationIsVisible = 0;
			defaultConfigurationName = Release;
		};
		7B33160C22E7AD9E00BDEB01 /* Build configuration list for PBXNativeTarget "FrameExtraction" */ = {
			isa = XCConfigurationList;
			buildConfigurations = (
				7B33160D22E7AD9E00BDEB01 /* Debug */,
				7B33160E22E7AD9E00BDEB01 /* Release */,
			);
			defaultConfigurationIsVisible = 0;
			defaultConfigurationName = Release;
		};
/* End XCConfigurationList section */
	};
	rootObject = 7B3315F022E7AD9B00BDEB01 /* Project object */;
}
